
Microsoft Visual Studio Solution File, Format Version 12.00
# Visual Studio 15
VisualStudioVersion = 15.0.28307.1062
MinimumVisualStudioVersion = 10.0.40219.1
Project("{FAE04EC0-301F-11D3-BF4B-00C04F79EFBC}") = "H1_Diablo", "H1_Diablo\H1_Diablo.csproj", "{18A1C1FF-3627-41B3-89B2-5FF9ED7603F6}"
EndProject
Global
	GlobalSection(SolutionConfigurationPlatforms) = preSolution
		Debug|Any CPU = Debug|Any CPU
		Release|Any CPU = Release|Any CPU
	EndGlobalSection
	GlobalSection(ProjectConfigurationPlatforms) = postSolution
		{18A1C1FF-3627-41B3-89B2-5FF9ED7603F6}.Debug|Any CPU.ActiveCfg = Debug|Any CPU
		{18A1C1FF-3627-41B3-89B2-5FF9ED7603F6}.Debug|Any CPU.Build.0 = Debug|Any CPU
		{18A1C1FF-3627-41B3-89B2-5FF9ED7603F6}.Release|Any CPU.ActiveCfg = Release|Any CPU
		{18A1C1FF-3627-41B3-89B2-5FF9ED7603F6}.Release|Any CPU.Build.0 = Release|Any CPU
	EndGlobalSection
	GlobalSection(SolutionProperties) = preSolution
		HideSolutionNode = FALSE
	EndGlobalSection
	GlobalSection(ExtensibilityGlobals) = postSolution
		SolutionGuid = {3722D055-61A9-47FF-9738-8CFE11E555DE}
	EndGlobalSection
EndGlobal
